Microsoft Visual Studio Solution File, Format Version 12.00
# Visual Studio 15
VisualStudioVersion = 15.0.26124.0
MinimumVisualStudioVersion = 15.0.26124.0
Project("{9A19103F-16F7-4668-BE54-9A1E7A4F7556}") = "MailgunSharp", "MailgunSharp\MailgunSharp.csproj", "{B7E30B7B-6DC4-4347-B227-29693B31BBFB}"
EndProject
Project("{9A19103F-16F7-4668-BE54-9A1E7A4F7556}") = "MailgunSharp.Test", "MailgunSharp.Test\MailgunSharp.Test.csproj", "{A32D84E0-5E19-4843-AA44-CAA31268CC26}"
EndProject
Global
	GlobalSection(SolutionConfigurationPlatforms) = preSolution
		Debug|Any CPU = Debug|Any CPU
		Debug|x64 = Debug|x64
		Debug|x86 = Debug|x86
		Release|Any CPU = Release|Any CPU
		Release|x64 = Release|x64
		Release|x86 = Release|x86
	EndGlobalSection
	GlobalSection(ProjectConfigurationPlatforms) = postSolution
		{B7E30B7B-6DC4-4347-B227-29693B31BBFB}.Debug|Any CPU.ActiveCfg = Debug|Any CPU
		{B7E30B7B-6DC4-4347-B227-29693B31BBFB}.Debug|Any CPU.Build.0 = Debug|Any CPU
		{B7E30B7B-6DC4-4347-B227-29693B31BBFB}.Debug|x64.ActiveCfg = Debug|Any CPU
		{B7E30B7B-6DC4-4347-B227-29693B31BBFB}.Debug|x64.Build.0 = Debug|Any CPU
		{B7E30B7B-6DC4-4347-B227-29693B31BBFB}.Debug|x86.ActiveCfg = Debug|Any CPU
		{B7E30B7B-6DC4-4347-B227-29693B31BBFB}.Debug|x86.Build.0 = Debug|Any CPU
		{B7E30B7B-6DC4-4347-B227-29693B31BBFB}.Release|Any CPU.ActiveCfg = Release|Any CPU
		{B7E30B7B-6DC4-4347-B227-29693B31BBFB}.Release|Any CPU.Build.0 = Release|Any CPU
		{B7E30B7B-6DC4-4347-B227-29693B31BBFB}.Release|x64.ActiveCfg = Release|Any CPU
		{B7E30B7B-6DC4-4347-B227-29693B31BBFB}.Release|x64.Build.0 = Release|Any CPU
		{B7E30B7B-6DC4-4347-B227-29693B31BBFB}.Release|x86.ActiveCfg = Release|Any CPU
		{B7E30B7B-6DC4-4347-B227-29693B31BBFB}.Release|x86.Build.0 = Release|Any CPU
		{A32D84E0-5E19-4843-AA44-CAA31268CC26}.Debug|Any CPU.ActiveCfg = Debug|Any CPU
		{A32D84E0-5E19-4843-AA44-CAA31268CC26}.Debug|Any CPU.Build.0 = Debug|Any CPU
		{A32D84E0-5E19-4843-AA44-CAA31268CC26}.Debug|x64.ActiveCfg = Debug|Any CPU
		{A32D84E0-5E19-4843-AA44-CAA31268CC26}.Debug|x64.Build.0 = Debug|Any CPU
		{A32D84E0-5E19-4843-AA44-CAA31268CC26}.Debug|x86.ActiveCfg = Debug|Any CPU
		{A32D84E0-5E19-4843-AA44-CAA31268CC26}.Debug|x86.Build.0 = Debug|Any CPU
		{A32D84E0-5E19-4843-AA44-CAA31268CC26}.Release|Any CPU.ActiveCfg = Release|Any CPU
		{A32D84E0-5E19-4843-AA44-CAA31268CC26}.Release|Any CPU.Build.0 = Release|Any CPU
		{A32D84E0-5E19-4843-AA44-CAA31268CC26}.Release|x64.ActiveCfg = Release|Any CPU
		{A32D84E0-5E19-4843-AA44-CAA31268CC26}.Release|x64.Build.0 = Release|Any CPU
		{A32D84E0-5E19-4843-AA44-CAA31268CC26}.Release|x86.ActiveCfg = Release|Any CPU
		{A32D84E0-5E19-4843-AA44-CAA31268CC26}.Release|x86.Build.0 = Release|Any CPU
	EndGlobalSection
	GlobalSection(SolutionProperties) = preSolution
		HideSolutionNode = FALSE
	EndGlobalSection
	GlobalSection(ExtensibilityGlobals) = postSolution
		SolutionGuid = {D02C6F1E-4157-48DE-934A-499E2738349E}
	EndGlobalSection
EndGlobal
